lockfileVersion: '9.0'

settings:
  autoInstallPeers: true
  excludeLinksFromLockfile: false

importers:

  .:
    dependencies:
      cordis:
        specifier: ^3.18.1
        version: 3.18.1
      ws:
        specifier: ^8.12.0
        version: 8.18.0

packages:

  '@cordisjs/core@3.18.1':
    resolution: {integrity: sha512-yRuATOamFxeD1ztE2L3o1SaHuT2zw5DTXijQYxt9azVNeILbvtomfGG6sLZegrynJO9XZbNvXbOlQ7LBJDOlAg==}

  '@cordisjs/loader@0.13.1':
    resolution: {integrity: sha512-YGw22gT1F/jXT1UeWMjIavt7WHMfEmKve83v4PTg63SW4eC2s89ivsN4RQWi5YWe0LQNNg8LItL66FeEcgQS5w==}
    peerDependencies:
      '@cordisjs/core': ^3.18.1

  '@cordisjs/logger@0.3.3':
    resolution: {integrity: sha512-UcyZRXAL86YLAEEta+fxJM1CcDanJvoIMD9ywCyP2AZJuib68UynENGTFo4mYkeg+8WMXrlA/aNNwENMiLUlXA==}
    peerDependencies:
      '@cordisjs/core': ^3.17.1

  '@cordisjs/schema@0.1.1':
    resolution: {integrity: sha512-AYTSyEXEASO6uVHqXBHIId+8OGFs0idtFoj3q7qee9J7OGcMjVEUsrsdiP9SnmzTR4ea17esShledUC50fco1g==}
    peerDependencies:
      '@cordisjs/core': ^3.17.0

  '@cordisjs/timer@0.3.2':
    resolution: {integrity: sha512-frdIvc+1AqKVHMWnNacqqZ2Cm52FfoYKPpBQ+kZgr/cFs7HXDKqetL35CLy/EZAF22l/6VTvpQOYUwS6tvVJZA==}
    peerDependencies:
      '@cordisjs/core': ^3.12.0

  argparse@2.0.1:
    resolution: {integrity: sha512-8+9WqebbFzpX9OR+Wa6O29asIogeRMzcGtAINdpMHHyAg10f05aSFVBbcEqGf/PXw1EjAZ+q2/bEBg3DvurK3Q==}

  cac@6.7.14:
    resolution: {integrity: sha512-b6Ilus+c3RrdDk+JhLKUAQfzzgLEPy6wcXqS7f/xe1EETvsDP6GORG7SFuOs6cID5YkqchW/LXZbX5bc8j7ZcQ==}
    engines: {node: '>=8'}

  cordis@3.18.1:
    resolution: {integrity: sha512-9IbthFbFBVJ15WBDNPqHdl59TyEAMNWxF1Dxsdi14625ePQkMX35WvcqgGno0BcXlpXDbUaBZgQ+jfBYT+uuSQ==}
    engines: {node: ^18.0.0 || >=20.0.0}
    hasBin: true
    peerDependencies:
      cordis: '*'

  cosmokit@1.6.3:
    resolution: {integrity: sha512-GBGi7YnwfV7wGnpfeuCPaZ0lqQH82i/1qmzrjMP/uuLlVQc+gc8cqj0YdYbV1ihbSjeeams7DYFSryH0Ju6q9g==}

  dotenv@16.4.5:
    resolution: {integrity: sha512-ZmdL2rui+eB2YwhsWzjInR8LldtZHGDoQ1ugH85ppHKwpUHL7j7rN0Ti9NCnGiQbhaZ11FpR+7ao1dNsmduNUg==}
    engines: {node: '>=12'}

  has-flag@4.0.0:
    resolution: {integrity: sha512-EykJT/Q1KjTWctppgIAgfSO0tKVuZUjhgMr17kqTumMl6Afv3EISleU7qZUzoXDFTAHTDC4NOoG/ZxU3EvlMPQ==}
    engines: {node: '>=8'}

  js-yaml@4.1.0:
    resolution: {integrity: sha512-wpxZs9NoxZaJESJGIZTyDEaYpl0FKSA+FB9aJiyemKhMwkxQg63h4T1KJgUGHpTqPDNRcmmYLugrRjJlBtWvRA==}
    hasBin: true

  kleur@4.1.5:
    resolution: {integrity: sha512-o+NO+8WrRiQEE4/7nwRJhN1HWpVmJm511pBHUxPLtp0BUISzlBplORYSmTclCnJvQq2tKu/sgl3xVpkc7ZWuQQ==}
    engines: {node: '>=6'}

  object-inspect@1.13.2:
    resolution: {integrity: sha512-IRZSRuzJiynemAXPYtPe5BoI/RESNYR7TYm50MC5Mqbd3Jmw5y790sErYw3V6SryFJD64b74qQQs9wn5Bg/k3g==}
    engines: {node: '>= 0.4'}

  reggol@1.7.1:
    resolution: {integrity: sha512-0Vr1vRYDFnsA14BipkHRn3+4FxlZxQJ4VQG2pFE2obSrR68hTHVbbQzS3/ZAHNb6l/+ThaJrc5BPgrYDM3yNyg==}

  schemastery@3.14.6:
    resolution: {integrity: sha512-0iaHXS6B1xSXf0AgDdYgebHTk88/9pxtplCMcMRTX6BLf1QuJQAcsaoCPdf3XUG/2Nc+0QRJQpn9T3XOp/NJCw==}

  supports-color@8.1.1:
    resolution: {integrity: sha512-MpUEN2OodtUzxvKQl72cUF7RQ5EiHsGvSsVG0ia9c5RbWGL2CI4C7EpPS8UTBIplnlzZiNuV56w+FuNxy3ty2Q==}
    engines: {node: '>=10'}

  ws@8.18.0:
    resolution: {integrity: sha512-8VbfWfHLbbwu3+N6OKsOMpBdT4kXPDDB9cJk2bJ6mh9ucxdlnNvH1e+roYkKmN9Nxw2yjz7VzeO9oOz2zJ04Pw==}
    engines: {node: '>=10.0.0'}
    peerDependencies:
      bufferutil: ^4.0.1
      utf-8-validate: '>=5.0.2'
    peerDependenciesMeta:
      bufferutil:
        optional: true
      utf-8-validate:
        optional: true

snapshots:

  '@cordisjs/core@3.18.1':
    dependencies:
      cosmokit: 1.6.3

  '@cordisjs/loader@0.13.1(@cordisjs/core@3.18.1)':
    dependencies:
      '@cordisjs/core': 3.18.1
      cosmokit: 1.6.3
      dotenv: 16.4.5
      js-yaml: 4.1.0

  '@cordisjs/logger@0.3.3(@cordisjs/core@3.18.1)':
    dependencies:
      '@cordisjs/core': 3.18.1
      cosmokit: 1.6.3
      reggol: 1.7.1

  '@cordisjs/schema@0.1.1(@cordisjs/core@3.18.1)':
    dependencies:
      '@cordisjs/core': 3.18.1
      cosmokit: 1.6.3
      schemastery: 3.14.6

  '@cordisjs/timer@0.3.2(@cordisjs/core@3.18.1)':
    dependencies:
      '@cordisjs/core': 3.18.1
      cosmokit: 1.6.3

  argparse@2.0.1: {}

  cac@6.7.14: {}

  cordis@3.18.1:
    dependencies:
      '@cordisjs/core': 3.18.1
      '@cordisjs/loader': 0.13.1(@cordisjs/core@3.18.1)
      '@cordisjs/logger': 0.3.3(@cordisjs/core@3.18.1)
      '@cordisjs/schema': 0.1.1(@cordisjs/core@3.18.1)
      '@cordisjs/timer': 0.3.2(@cordisjs/core@3.18.1)
      cac: 6.7.14
      cordis: 3.18.1
      cosmokit: 1.6.3
      kleur: 4.1.5
      reggol: 1.7.1

  cosmokit@1.6.3: {}

  dotenv@16.4.5: {}

  has-flag@4.0.0: {}

  js-yaml@4.1.0:
    dependencies:
      argparse: 2.0.1

  kleur@4.1.5: {}

  object-inspect@1.13.2: {}

  reggol@1.7.1:
    dependencies:
      cosmokit: 1.6.3
      object-inspect: 1.13.2
      supports-color: 8.1.1

  schemastery@3.14.6:
    dependencies:
      cosmokit: 1.6.3

  supports-color@8.1.1:
    dependencies:
      has-flag: 4.0.0

  ws@8.18.0: {}
